{
  "version": 4,
  "terraform_version": "1.9.5",
  "serial": 18,
  "lineage": "c962b638-dd04-d5e9-5ddc-7a09ad79985e",
  "outputs": {
    "random_pass": {
      "value": "oca6uobwMh1VlJCk",
      "type": "string",
      "sensitive": true
    },
    "rds_endpoint": {
      "value": "postgres-db.cl200kiyknce.us-east-1.rds.amazonaws.com:5432",
      "type": "string"
    },
    "rds_instance_id": {
      "value": "db-BGVNQZM4QBVSPTBTVO5ISJLOPI",
      "type": "string"
    },
    "rds_security_group_id": {
      "value": "sg-0a828d3a7f92b4dc4",
      "type": "string"
    }
  },
  "resources": [
    {
      "mode": "data",
      "type": "aws_secretsmanager_secret",
      "name": "db_credentials",
      "provider": "provider[\"registry.terraform.io/hashicorp/aws\"]",
      "instances": [
        {
          "schema_version": 0,
          "attributes": {
            "arn": "arn:aws:secretsmanager:us-east-1:195275663975:secret:db_creds-wa9rl6",
            "created_date": "2024-10-15T08:33:15Z",
            "description": "",
            "id": "arn:aws:secretsmanager:us-east-1:195275663975:secret:db_creds-wa9rl6",
            "kms_key_id": "",
            "last_changed_date": "2024-10-15T08:33:15Z",
            "name": "db_creds",
            "policy": "",
            "tags": {}
          },
          "sensitive_attributes": []
        }
      ]
    },
    {
      "mode": "data",
      "type": "aws_secretsmanager_secret_version",
      "name": "db_credentials",
      "provider": "provider[\"registry.terraform.io/hashicorp/aws\"]",
      "instances": [
        {
          "schema_version": 0,
          "attributes": {
            "arn": "arn:aws:secretsmanager:us-east-1:195275663975:secret:db_creds-wa9rl6",
            "created_date": "2024-10-15T08:33:15Z",
            "id": "arn:aws:secretsmanager:us-east-1:195275663975:secret:db_creds-wa9rl6|AWSCURRENT",
            "secret_binary": "",
            "secret_id": "arn:aws:secretsmanager:us-east-1:195275663975:secret:db_creds-wa9rl6",
            "secret_string": "{\"username\":\"sriman\",\"password\":\"postgress\"}",
            "version_id": "7a990391-6006-4b5a-9366-ed929cbb8d9e",
            "version_stage": "AWSCURRENT",
            "version_stages": [
              "AWSCURRENT"
            ]
          },
          "sensitive_attributes": [
            [
              {
                "type": "get_attr",
                "value": "secret_binary"
              }
            ],
            [
              {
                "type": "get_attr",
                "value": "secret_string"
              }
            ]
          ]
        }
      ]
    },
    {
      "mode": "data",
      "type": "terraform_remote_state",
      "name": "nets",
      "provider": "provider[\"terraform.io/builtin/terraform\"]",
      "instances": [
        {
          "schema_version": 0,
          "attributes": {
            "backend": "s3",
            "config": {
              "value": {
                "bucket": "home-bucks-tfs",
                "key": "nets-nw/nets-nw.tfstate",
                "region": "us-east-1"
              },
              "type": [
                "object",
                {
                  "bucket": "string",
                  "key": "string",
                  "region": "string"
                }
              ]
            },
            "defaults": null,
            "outputs": {
              "value": {
                "app_rt_id": "rtb-08c9cccb9cf2e32a3",
                "app_subnet_cidr": "10.1.2.0/24",
                "app_subnet_id": "subnet-000ac9d319d3f9362",
                "bastion_rt_id": "rtb-0e759d54621f1c1f0",
                "bastion_subnet_id": "subnet-0ff35e71cc3c7dc9b",
                "connect_rt_id": "rtb-0024650c884daac8b",
                "connect_subnet_cidr": "10.0.2.0/24",
                "connect_subnet_id": "subnet-028bbc06b198be1c1",
                "db_rt_id": "rtb-05cb7011b96335f19",
                "db_subnet_1": "subnet-086a34158cee5868a",
                "db_subnet_2": "subnet-05719eb838ede14a7",
                "igw_1_id": "igw-0d8d6a154fb2c3fef",
                "igw_2_id": "igw-062ee89c85774ad75",
                "nat_id": "nat-0c1d2050a24a6c1ab",
                "net_a_id": "vpc-0ecd4282a3f30d8b5",
                "net_b_id": "vpc-0d9c20c934810ccc2",
                "nginx_rt_id": "rtb-078ace41ffecf5bc6",
                "nginx_subnet_id": "subnet-09ddef57552efc952"
              },
              "type": [
                "object",
                {
                  "app_rt_id": "string",
                  "app_subnet_cidr": "string",
                  "app_subnet_id": "string",
                  "bastion_rt_id": "string",
                  "bastion_subnet_id": "string",
                  "connect_rt_id": "string",
                  "connect_subnet_cidr": "string",
                  "connect_subnet_id": "string",
                  "db_rt_id": "string",
                  "db_subnet_1": "string",
                  "db_subnet_2": "string",
                  "igw_1_id": "string",
                  "igw_2_id": "string",
                  "nat_id": "string",
                  "net_a_id": "string",
                  "net_b_id": "string",
                  "nginx_rt_id": "string",
                  "nginx_subnet_id": "string"
                }
              ]
            },
            "workspace": null
          },
          "sensitive_attributes": []
        }
      ]
    },
    {
      "module": "module.rds_postgres",
      "mode": "managed",
      "type": "aws_db_instance",
      "name": "pg",
      "provider": "provider[\"registry.terraform.io/hashicorp/aws\"]",
      "instances": [
        {
          "schema_version": 2,
          "attributes": {
            "address": "postgres-db.cl200kiyknce.us-east-1.rds.amazonaws.com",
            "allocated_storage": 10,
            "allow_major_version_upgrade": null,
            "apply_immediately": false,
            "arn": "arn:aws:rds:us-east-1:195275663975:db:postgres-db",
            "auto_minor_version_upgrade": true,
            "availability_zone": "us-east-1d",
            "backup_retention_period": 0,
            "backup_target": "region",
            "backup_window": "04:00-04:30",
            "blue_green_update": [],
            "ca_cert_identifier": "rds-ca-rsa2048-g1",
            "character_set_name": "",
            "copy_tags_to_snapshot": false,
            "custom_iam_instance_profile": "",
            "customer_owned_ip_enabled": false,
            "db_name": "recipes",
            "db_subnet_group_name": "postgres-subnet-group",
            "dedicated_log_volume": false,
            "delete_automated_backups": true,
            "deletion_protection": false,
            "domain": "",
            "domain_auth_secret_arn": "",
            "domain_dns_ips": [],
            "domain_fqdn": "",
            "domain_iam_role_name": "",
            "domain_ou": "",
            "enabled_cloudwatch_logs_exports": [],
            "endpoint": "postgres-db.cl200kiyknce.us-east-1.rds.amazonaws.com:5432",
            "engine": "postgres",
            "engine_lifecycle_support": "open-source-rds-extended-support",
            "engine_version": "15",
            "engine_version_actual": "15.7",
            "final_snapshot_identifier": null,
            "hosted_zone_id": "Z2R2ITUGPM61AM",
            "iam_database_authentication_enabled": false,
            "id": "db-BGVNQZM4QBVSPTBTVO5ISJLOPI",
            "identifier": "postgres-db",
            "identifier_prefix": "",
            "instance_class": "db.t3.medium",
            "iops": 0,
            "kms_key_id": "arn:aws:kms:us-east-1:195275663975:key/3f7ebd1f-d529-4a41-b65b-43942540aba3",
            "latest_restorable_time": "",
            "license_model": "postgresql-license",
            "listener_endpoint": [],
            "maintenance_window": "wed:09:36-wed:10:06",
            "manage_master_user_password": null,
            "master_user_secret": [],
            "master_user_secret_kms_key_id": null,
            "max_allocated_storage": 0,
            "monitoring_interval": 0,
            "monitoring_role_arn": "",
            "multi_az": false,
            "nchar_character_set_name": "",
            "network_type": "IPV4",
            "option_group_name": "default:postgres-15",
            "parameter_group_name": "default.postgres15",
            "password": "oca6uobwMh1VlJCk",
            "performance_insights_enabled": false,
            "performance_insights_kms_key_id": "",
            "performance_insights_retention_period": 0,
            "port": 5432,
            "publicly_accessible": false,
            "replica_mode": "",
            "replicas": [],
            "replicate_source_db": "",
            "resource_id": "db-BGVNQZM4QBVSPTBTVO5ISJLOPI",
            "restore_to_point_in_time": [],
            "s3_import": [],
            "skip_final_snapshot": true,
            "snapshot_identifier": null,
            "status": "available",
            "storage_encrypted": true,
            "storage_throughput": 0,
            "storage_type": "gp2",
            "tags": {
              "Name": "PostgreSQL RDS Instance"
            },
            "tags_all": {
              "Name": "PostgreSQL RDS Instance"
            },
            "timeouts": null,
            "timezone": "",
            "upgrade_storage_config": null,
            "username": "sriman",
            "vpc_security_group_ids": [
              "sg-0a828d3a7f92b4dc4"
            ]
          },
          "sensitive_attributes": [
            [
              {
                "type": "get_attr",
                "value": "password"
              }
            ]
          ],
          "private": "eyJlMmJmYjczMC1lY2FhLTExZTYtOGY4OC0zNDM2M2JjN2M0YzAiOnsiY3JlYXRlIjoyNDAwMDAwMDAwMDAwLCJkZWxldGUiOjM2MDAwMDAwMDAwMDAsInVwZGF0ZSI6NDgwMDAwMDAwMDAwMH0sInNjaGVtYV92ZXJzaW9uIjoiMiJ9",
          "dependencies": [
            "data.terraform_remote_state.nets",
            "module.rds_postgres.aws_db_subnet_group.postgres_subnet_group",
            "module.rds_postgres.aws_security_group.postgres_sg",
            "module.rds_postgres.random_password.pass"
          ]
        }
      ]
    },
    {
      "module": "module.rds_postgres",
      "mode": "managed",
      "type": "aws_db_subnet_group",
      "name": "postgres_subnet_group",
      "provider": "provider[\"registry.terraform.io/hashicorp/aws\"]",
      "instances": [
        {
          "schema_version": 0,
          "attributes": {
            "arn": "arn:aws:rds:us-east-1:195275663975:subgrp:postgres-subnet-group",
            "description": "Managed by Terraform",
            "id": "postgres-subnet-group",
            "name": "postgres-subnet-group",
            "name_prefix": "",
            "subnet_ids": [
              "subnet-05719eb838ede14a7",
              "subnet-086a34158cee5868a"
            ],
            "supported_network_types": [
              "IPV4"
            ],
            "tags": {
              "Name": "PostgreSQL DB Subnet Group"
            },
            "tags_all": {
              "Name": "PostgreSQL DB Subnet Group"
            },
            "vpc_id": "vpc-0d9c20c934810ccc2"
          },
          "sensitive_attributes": [],
          "private": "bnVsbA==",
          "dependencies": [
            "data.terraform_remote_state.nets"
          ]
        }
      ]
    },
    {
      "module": "module.rds_postgres",
      "mode": "managed",
      "type": "aws_security_group",
      "name": "postgres_sg",
      "provider": "provider[\"registry.terraform.io/hashicorp/aws\"]",
      "instances": [
        {
          "schema_version": 1,
          "attributes": {
            "arn": "arn:aws:ec2:us-east-1:195275663975:security-group/sg-0a828d3a7f92b4dc4",
            "description": "Security group for PostgreSQL RDS",
            "egress": [],
            "id": "sg-0a828d3a7f92b4dc4",
            "ingress": [
              {
                "cidr_blocks": [
                  "10.1.2.0/24"
                ],
                "description": "Postgres Ingress",
                "from_port": 5432,
                "ipv6_cidr_blocks": [],
                "prefix_list_ids": [],
                "protocol": "tcp",
                "security_groups": [],
                "self": false,
                "to_port": 5432
              }
            ],
            "name": "postgres-security-group",
            "name_prefix": "",
            "owner_id": "195275663975",
            "revoke_rules_on_delete": false,
            "tags": {
              "Name": "PostgreSQL RDS Security Group"
            },
            "tags_all": {
              "Name": "PostgreSQL RDS Security Group"
            },
            "timeouts": null,
            "vpc_id": "vpc-0d9c20c934810ccc2"
          },
          "sensitive_attributes": [],
          "private": "eyJlMmJmYjczMC1lY2FhLTExZTYtOGY4OC0zNDM2M2JjN2M0YzAiOnsiY3JlYXRlIjo2MDAwMDAwMDAwMDAsImRlbGV0ZSI6OTAwMDAwMDAwMDAwfSwic2NoZW1hX3ZlcnNpb24iOiIxIn0=",
          "dependencies": [
            "data.terraform_remote_state.nets"
          ]
        }
      ]
    },
    {
      "module": "module.rds_postgres",
      "mode": "managed",
      "type": "random_password",
      "name": "pass",
      "provider": "provider[\"registry.terraform.io/hashicorp/random\"]",
      "instances": [
        {
          "schema_version": 3,
          "attributes": {
            "bcrypt_hash": "$2a$10$lcPBf0IC9jkYTXLmyAb9mO5A1U47z0KweQC2cHIJgBHj0OFz6gHNG",
            "id": "none",
            "keepers": null,
            "length": 16,
            "lower": true,
            "min_lower": 0,
            "min_numeric": 0,
            "min_special": 0,
            "min_upper": 0,
            "number": true,
            "numeric": true,
            "override_special": null,
            "result": "oca6uobwMh1VlJCk",
            "special": false,
            "upper": true
          },
          "sensitive_attributes": [
            [
              {
                "type": "get_attr",
                "value": "result"
              }
            ],
            [
              {
                "type": "get_attr",
                "value": "bcrypt_hash"
              }
            ]
          ]
        }
      ]
    }
  ],
  "check_results": null
}
